
Microsoft Visual Studio Solution File, Format Version 12.00
# Visual Studio Version 17
VisualStudioVersion = 17.3.32929.385
MinimumVisualStudioVersion = 10.0.40219.1
Project("{FAE04EC0-301F-11D3-BF4B-00C04F79EFBC}") = "UgovorOZakupuService", "UgovorOZakupuService\UgovorOZakupuService.csproj", "{33A70F40-F5D0-499A-9FA6-7409018E5A53}"
EndProject
Global
	GlobalSection(SolutionConfigurationPlatforms) = preSolution
		Debug|Any CPU = Debug|Any CPU
		Release|Any CPU = Release|Any CPU
	EndGlobalSection
	GlobalSection(ProjectConfigurationPlatforms) = postSolution
		{33A70F40-F5D0-499A-9FA6-7409018E5A53}.Debug|Any CPU.ActiveCfg = Debug|Any CPU
		{33A70F40-F5D0-499A-9FA6-7409018E5A53}.Debug|Any CPU.Build.0 = Debug|Any CPU
		{33A70F40-F5D0-499A-9FA6-7409018E5A53}.Release|Any CPU.ActiveCfg = Release|Any CPU
		{33A70F40-F5D0-499A-9FA6-7409018E5A53}.Release|Any CPU.Build.0 = Release|Any CPU
	EndGlobalSection
	GlobalSection(SolutionProperties) = preSolution
		HideSolutionNode = FALSE
	EndGlobalSection
	GlobalSection(ExtensibilityGlobals) = postSolution
		SolutionGuid = {AE467877-494D-40D1-B114-F797B83292CB}
	EndGlobalSection
EndGlobal
