
Microsoft Visual Studio Solution File, Format Version 12.00
# Visual Studio Version 17
VisualStudioVersion = 17.4.33213.308
MinimumVisualStudioVersion = 10.0.40219.1
Project("{FAE04EC0-301F-11D3-BF4B-00C04F79EFBC}") = "JavnoNadmetanjeService", "JavnoNadmetanjeService\JavnoNadmetanjeService.csproj", "{78FA72E4-AB44-4CBE-9BE6-2B6AA146EC59}"
EndProject
Global
	GlobalSection(SolutionConfigurationPlatforms) = preSolution
		Debug|Any CPU = Debug|Any CPU
		Release|Any CPU = Release|Any CPU
	EndGlobalSection
	GlobalSection(ProjectConfigurationPlatforms) = postSolution
		{78FA72E4-AB44-4CBE-9BE6-2B6AA146EC59}.Debug|Any CPU.ActiveCfg = Debug|Any CPU
		{78FA72E4-AB44-4CBE-9BE6-2B6AA146EC59}.Debug|Any CPU.Build.0 = Debug|Any CPU
		{78FA72E4-AB44-4CBE-9BE6-2B6AA146EC59}.Release|Any CPU.ActiveCfg = Release|Any CPU
		{78FA72E4-AB44-4CBE-9BE6-2B6AA146EC59}.Release|Any CPU.Build.0 = Release|Any CPU
	EndGlobalSection
	GlobalSection(SolutionProperties) = preSolution
		HideSolutionNode = FALSE
	EndGlobalSection
	GlobalSection(ExtensibilityGlobals) = postSolution
		SolutionGuid = {A3574469-63FD-42E5-9CFA-B6E6697BEBB4}
	EndGlobalSection
EndGlobal
