
Microsoft Visual Studio Solution File, Format Version 12.00
# Visual Studio Version 17
VisualStudioVersion = 17.4.33213.308
MinimumVisualStudioVersion = 10.0.40219.1
Project("{FAE04EC0-301F-11D3-BF4B-00C04F79EFBC}") = "LiceService", "LiceService\LiceService.csproj", "{BA85C261-3677-42B2-99D4-4CD50D11F81E}"
EndProject
Global
	GlobalSection(SolutionConfigurationPlatforms) = preSolution
		Debug|Any CPU = Debug|Any CPU
		Release|Any CPU = Release|Any CPU
	EndGlobalSection
	GlobalSection(ProjectConfigurationPlatforms) = postSolution
		{BA85C261-3677-42B2-99D4-4CD50D11F81E}.Debug|Any CPU.ActiveCfg = Debug|Any CPU
		{BA85C261-3677-42B2-99D4-4CD50D11F81E}.Debug|Any CPU.Build.0 = Debug|Any CPU
		{BA85C261-3677-42B2-99D4-4CD50D11F81E}.Release|Any CPU.ActiveCfg = Release|Any CPU
		{BA85C261-3677-42B2-99D4-4CD50D11F81E}.Release|Any CPU.Build.0 = Release|Any CPU
	EndGlobalSection
	GlobalSection(SolutionProperties) = preSolution
		HideSolutionNode = FALSE
	EndGlobalSection
	GlobalSection(ExtensibilityGlobals) = postSolution
		SolutionGuid = {2E111736-852C-4E1F-A680-0F3A0E7EB125}
	EndGlobalSection
EndGlobal
