
Microsoft Visual Studio Solution File, Format Version 12.00
# Visual Studio Version 17
VisualStudioVersion = 17.4.33403.182
MinimumVisualStudioVersion = 10.0.40219.1
Project("{FAE04EC0-301F-11D3-BF4B-00C04F79EFBC}") = "LiceService", "LiceService\LiceService.csproj", "{1151DF66-E176-40AF-84FA-310EB1B7BFE1}"
EndProject
Global
	GlobalSection(SolutionConfigurationPlatforms) = preSolution
		Debug|Any CPU = Debug|Any CPU
		Release|Any CPU = Release|Any CPU
	EndGlobalSection
	GlobalSection(ProjectConfigurationPlatforms) = postSolution
		{1151DF66-E176-40AF-84FA-310EB1B7BFE1}.Debug|Any CPU.ActiveCfg = Debug|Any CPU
		{1151DF66-E176-40AF-84FA-310EB1B7BFE1}.Debug|Any CPU.Build.0 = Debug|Any CPU
		{1151DF66-E176-40AF-84FA-310EB1B7BFE1}.Release|Any CPU.ActiveCfg = Release|Any CPU
		{1151DF66-E176-40AF-84FA-310EB1B7BFE1}.Release|Any CPU.Build.0 = Release|Any CPU
	EndGlobalSection
	GlobalSection(SolutionProperties) = preSolution
		HideSolutionNode = FALSE
	EndGlobalSection
	GlobalSection(ExtensibilityGlobals) = postSolution
		SolutionGuid = {6C30B214-7575-45B6-BC3A-E2CA0B7D1E49}
	EndGlobalSection
EndGlobal
