
Microsoft Visual Studio Solution File, Format Version 12.00
# Visual Studio Version 17
VisualStudioVersion = 17.3.32929.385
MinimumVisualStudioVersion = 10.0.40219.1
Project("{FAE04EC0-301F-11D3-BF4B-00C04F79EFBC}") = "KorisniciService", "KorisniciService\KorisniciService.csproj", "{D722EF73-F1CA-4A61-99E2-2A3405F1BEEC}"
EndProject
Global
	GlobalSection(SolutionConfigurationPlatforms) = preSolution
		Debug|Any CPU = Debug|Any CPU
		Release|Any CPU = Release|Any CPU
	EndGlobalSection
	GlobalSection(ProjectConfigurationPlatforms) = postSolution
		{D722EF73-F1CA-4A61-99E2-2A3405F1BEEC}.Debug|Any CPU.ActiveCfg = Debug|Any CPU
		{D722EF73-F1CA-4A61-99E2-2A3405F1BEEC}.Debug|Any CPU.Build.0 = Debug|Any CPU
		{D722EF73-F1CA-4A61-99E2-2A3405F1BEEC}.Release|Any CPU.ActiveCfg = Release|Any CPU
		{D722EF73-F1CA-4A61-99E2-2A3405F1BEEC}.Release|Any CPU.Build.0 = Release|Any CPU
	EndGlobalSection
	GlobalSection(SolutionProperties) = preSolution
		HideSolutionNode = FALSE
	EndGlobalSection
	GlobalSection(ExtensibilityGlobals) = postSolution
		SolutionGuid = {722C1B3E-5227-4F61-B9B3-5EAEA788D2DA}
	EndGlobalSection
EndGlobal
