
Microsoft Visual Studio Solution File, Format Version 12.00
# Visual Studio Version 17
VisualStudioVersion = 17.3.32929.385
MinimumVisualStudioVersion = 10.0.40219.1
Project("{FAE04EC0-301F-11D3-BF4B-00C04F79EFBC}") = "UplataService", "UplataService\UplataService.csproj", "{4AE780D9-42F6-48D5-A4AE-9E88FF3F92B4}"
EndProject
Global
	GlobalSection(SolutionConfigurationPlatforms) = preSolution
		Debug|Any CPU = Debug|Any CPU
		Release|Any CPU = Release|Any CPU
	EndGlobalSection
	GlobalSection(ProjectConfigurationPlatforms) = postSolution
		{4AE780D9-42F6-48D5-A4AE-9E88FF3F92B4}.Debug|Any CPU.ActiveCfg = Debug|Any CPU
		{4AE780D9-42F6-48D5-A4AE-9E88FF3F92B4}.Debug|Any CPU.Build.0 = Debug|Any CPU
		{4AE780D9-42F6-48D5-A4AE-9E88FF3F92B4}.Release|Any CPU.ActiveCfg = Release|Any CPU
		{4AE780D9-42F6-48D5-A4AE-9E88FF3F92B4}.Release|Any CPU.Build.0 = Release|Any CPU
	EndGlobalSection
	GlobalSection(SolutionProperties) = preSolution
		HideSolutionNode = FALSE
	EndGlobalSection
	GlobalSection(ExtensibilityGlobals) = postSolution
		SolutionGuid = {963347F6-FB2A-4E31-8845-842362E477B0}
	EndGlobalSection
EndGlobal
