
Microsoft Visual Studio Solution File, Format Version 12.00
# Visual Studio Version 17
VisualStudioVersion = 17.3.32929.385
MinimumVisualStudioVersion = 10.0.40219.1
Project("{FAE04EC0-301F-11D3-BF4B-00C04F79EFBC}") = "UplataService", "UplataService\UplataService.csproj", "{E21F4750-83BB-4118-A317-3025E6E79FB1}"
EndProject
Global
	GlobalSection(SolutionConfigurationPlatforms) = preSolution
		Debug|Any CPU = Debug|Any CPU
		Release|Any CPU = Release|Any CPU
	EndGlobalSection
	GlobalSection(ProjectConfigurationPlatforms) = postSolution
		{E21F4750-83BB-4118-A317-3025E6E79FB1}.Debug|Any CPU.ActiveCfg = Debug|Any CPU
		{E21F4750-83BB-4118-A317-3025E6E79FB1}.Debug|Any CPU.Build.0 = Debug|Any CPU
		{E21F4750-83BB-4118-A317-3025E6E79FB1}.Release|Any CPU.ActiveCfg = Release|Any CPU
		{E21F4750-83BB-4118-A317-3025E6E79FB1}.Release|Any CPU.Build.0 = Release|Any CPU
	EndGlobalSection
	GlobalSection(SolutionProperties) = preSolution
		HideSolutionNode = FALSE
	EndGlobalSection
	GlobalSection(ExtensibilityGlobals) = postSolution
		SolutionGuid = {074BD5A9-F9B4-4BEB-9A3E-09AE96323B76}
	EndGlobalSection
EndGlobal
