
Microsoft Visual Studio Solution File, Format Version 12.00
# Visual Studio Version 17
VisualStudioVersion = 17.3.32929.385
MinimumVisualStudioVersion = 10.0.40219.1
Project("{FAE04EC0-301F-11D3-BF4B-00C04F79EFBC}") = "DokumentiService", "DokumentiService\DokumentiService.csproj", "{CA10B50E-A0CF-4780-A5A9-F5908B106084}"
EndProject
Global
	GlobalSection(SolutionConfigurationPlatforms) = preSolution
		Debug|Any CPU = Debug|Any CPU
		Release|Any CPU = Release|Any CPU
	EndGlobalSection
	GlobalSection(ProjectConfigurationPlatforms) = postSolution
		{CA10B50E-A0CF-4780-A5A9-F5908B106084}.Debug|Any CPU.ActiveCfg = Debug|Any CPU
		{CA10B50E-A0CF-4780-A5A9-F5908B106084}.Debug|Any CPU.Build.0 = Debug|Any CPU
		{CA10B50E-A0CF-4780-A5A9-F5908B106084}.Release|Any CPU.ActiveCfg = Release|Any CPU
		{CA10B50E-A0CF-4780-A5A9-F5908B106084}.Release|Any CPU.Build.0 = Release|Any CPU
	EndGlobalSection
	GlobalSection(SolutionProperties) = preSolution
		HideSolutionNode = FALSE
	EndGlobalSection
	GlobalSection(ExtensibilityGlobals) = postSolution
		SolutionGuid = {5B88EFE0-7B38-43A7-AF1F-694057495FF7}
	EndGlobalSection
EndGlobal
